
Microsoft Visual Studio Solution File, Format Version 12.00
# Visual Studio Version 17
VisualStudioVersion = 17.5.33414.496
MinimumVisualStudioVersion = 10.0.40219.1
Project("{9A19103F-16F7-4668-BE54-9A1E7A4F7556}") = "HardwareStore", "HardwareStore\HardwareStore.csproj", "{9522A29B-D876-42B5-9B37-990402856F6D}"
EndProject
Project("{FAE04EC0-301F-11D3-BF4B-00C04F79EFBC}") = "HardwareStoreApi", "HardwareStoreApi\HardwareStoreApi.csproj", "{C27C87D3-F378-479D-B07C-B46FEB81F2DC}"
EndProject
Global
	GlobalSection(SolutionConfigurationPlatforms) = preSolution
		Debug|Any CPU = Debug|Any CPU
		Release|Any CPU = Release|Any CPU
	EndGlobalSection
	GlobalSection(ProjectConfigurationPlatforms) = postSolution
		{9522A29B-D876-42B5-9B37-990402856F6D}.Debug|Any CPU.ActiveCfg = Debug|Any CPU
		{9522A29B-D876-42B5-9B37-990402856F6D}.Debug|Any CPU.Build.0 = Debug|Any CPU
		{9522A29B-D876-42B5-9B37-990402856F6D}.Release|Any CPU.ActiveCfg = Release|Any CPU
		{9522A29B-D876-42B5-9B37-990402856F6D}.Release|Any CPU.Build.0 = Release|Any CPU
		{C27C87D3-F378-479D-B07C-B46FEB81F2DC}.Debug|Any CPU.ActiveCfg = Debug|Any CPU
		{C27C87D3-F378-479D-B07C-B46FEB81F2DC}.Debug|Any CPU.Build.0 = Debug|Any CPU
		{C27C87D3-F378-479D-B07C-B46FEB81F2DC}.Release|Any CPU.ActiveCfg = Release|Any CPU
		{C27C87D3-F378-479D-B07C-B46FEB81F2DC}.Release|Any CPU.Build.0 = Release|Any CPU
	EndGlobalSection
	GlobalSection(SolutionProperties) = preSolution
		HideSolutionNode = FALSE
	EndGlobalSection
	GlobalSection(ExtensibilityGlobals) = postSolution
		SolutionGuid = {5CEAFBCE-8A84-4A46-9659-DDFCCFEAC6E1}
	EndGlobalSection
EndGlobal
